// !$*UTF8*$!
{
	archiveVersion = 1;
	classes = {
	};
	objectVersion = 50;
	objects = {

/* Begin PBXGroup section */
		AC1B1A092195D4D000FC882A = {
			isa = PBXGroup;
			children = (
			);
			sourceTree = "<group>";
		};
/* End PBXGroup section */

/* Begin PBXProject section */
		AC1B1A0A2195D4D000FC882A /* Project object */ = {
			isa = PBXProject;
			attributes = {
				LastUpgradeCheck = 1010;
			};
			buildConfigurationList = AC1B1A0D2195D4D000FC882A /* Build configuration list for PBXProject "Computer Engineering Practice File" */;
			compatibilityVersion = "Xcode 9.3";
			developmentRegion = en;
			hasScannedForEncodings = 0;
			knownRegions = (
				en,
			);
			mainGroup = AC1B1A092195D4D000FC882A;
			projectDirPath = "";
			projectRoot = "";
			targets = (
			);
		};
/* End PBXProject section */

/* Begin XCBuildConfiguration section */
		AC1B1A0E2195D4D000FC882A /* Debug */ = {
			isa = XCBuildConfiguration;
			buildSettings = {
			};
			name = Debug;
		};
		AC1B1A0F2195D4D000FC882A /* Release */ = {
			isa = XCBuildConfiguration;
			buildSettings = {
			};
			name = Release;
		};
/* End XCBuildConfiguration section */

/* Begin XCConfigurationList section */
		AC1B1A0D2195D4D000FC882A /* Build configuration list for PBXProject "Computer Engineering Practice File" */ = {
			isa = XCConfigurationList;
			buildConfigurations = (
				AC1B1A0E2195D4D000FC882A /* Debug */,
				AC1B1A0F2195D4D000FC882A /* Release */,
			);
			defaultConfigurationIsVisible = 0;
			defaultConfigurationName = Release;
		};
/* End XCConfigurationList section */
	};
	rootObject = AC1B1A0A2195D4D000FC882A /* Project object */;
}
